
Microsoft Visual Studio Solution File, Format Version 12.00
# Visual Studio Version 17
VisualStudioVersion = 17.5.33424.131
MinimumVisualStudioVersion = 10.0.40219.1
Project("{FAE04EC0-301F-11D3-BF4B-00C04F79EFBC}") = "Escola", "Escola\Escola.csproj", "{609373E8-C5DF-46B5-960A-AA7716040116}"
EndProject
Global
	GlobalSection(SolutionConfigurationPlatforms) = preSolution
		Debug|Any CPU = Debug|Any CPU
		Release|Any CPU = Release|Any CPU
	EndGlobalSection
	GlobalSection(ProjectConfigurationPlatforms) = postSolution
		{609373E8-C5DF-46B5-960A-AA7716040116}.Debug|Any CPU.ActiveCfg = Debug|Any CPU
		{609373E8-C5DF-46B5-960A-AA7716040116}.Debug|Any CPU.Build.0 = Debug|Any CPU
		{609373E8-C5DF-46B5-960A-AA7716040116}.Release|Any CPU.ActiveCfg = Release|Any CPU
		{609373E8-C5DF-46B5-960A-AA7716040116}.Release|Any CPU.Build.0 = Release|Any CPU
	EndGlobalSection
	GlobalSection(SolutionProperties) = preSolution
		HideSolutionNode = FALSE
	EndGlobalSection
	GlobalSection(ExtensibilityGlobals) = postSolution
		SolutionGuid = {B914F403-C2E9-4A7D-A6B9-C423CE446A97}
	EndGlobalSection
EndGlobal
